lockfileVersion: '9.0'

settings:
  autoInstallPeers: true
  excludeLinksFromLockfile: false

importers:

  .:
    dependencies:
      '@hookform/resolvers':
        specifier: ^5.2.2
        version: 5.2.2(react-hook-form@7.71.2(react@19.2.4))
      concurrently:
        specifier: ^9.1.0
        version: 9.2.1
      lucide-react:
        specifier: ^0.576.0
        version: 0.576.0(react@19.2.4)
      react:
        specifier: ^19.2.4
        version: 19.2.4
      react-hook-form:
        specifier: ^7.71.2
        version: 7.71.2(react@19.2.4)
      react-redux:
        specifier: ^9.2.0
        version: 9.2.0(react@19.2.4)
      react-router-dom:
        specifier: ^7.13.1
        version: 7.13.1(react-dom@19.2.4(react@19.2.4))(react@19.2.4)
      yup:
        specifier: ^1.7.1
        version: 1.7.1

packages:

  '@hookform/resolvers@5.2.2':
    resolution: {integrity: sha512-A/IxlMLShx3KjV/HeTcTfaMxdwy690+L/ZADoeaTltLx+CVuzkeVIPuybK3jrRfw7YZnmdKsVVHAlEPIAEUNlA==}
    peerDependencies:
      react-hook-form: ^7.55.0

  '@standard-schema/utils@0.3.0':
    resolution: {integrity: sha512-e7Mew686owMaPJVNNLs55PUvgz371nKgwsc4vxE49zsODpJEnxgxRo2y/OKrqueavXgZNMDVj3DdHFlaSAeU8g==}

  '@types/use-sync-external-store@0.0.6':
    resolution: {integrity: sha512-zFDAD+tlpf2r4asuHEj0XH6pY6i0g5NeAHPn+15wk3BV6JA69eERFXC1gyGThDkVa1zCyKr5jox1+2LbV/AMLg==}

  ansi-regex@5.0.1:
    resolution: {integrity: sha512-quJQXlTSUGL2LH9SUXo8VwsY4soanhgo6LNSm84E1LBcE8s3O0wpdiRzyR9z/ZZJMlMWv37qOOb9pdJlMUEKFQ==}
    engines: {node: '>=8'}

  ansi-styles@4.3.0:
    resolution: {integrity: sha512-zbB9rCJAT1rbjiVDb2hqKFHNYLxgtk8NURxZ3IZwD3F6NtxbXZQCnnSi1Lkx+IDohdPlFp222wVALIheZJQSEg==}
    engines: {node: '>=8'}

  chalk@4.1.2:
    resolution: {integrity: sha512-oKnbhFyRIXpUuez8iBMmyEa4nbj4IOQyuhc/wy9kY7/WVPcwIO9VA668Pu8RkO7+0G76SLROeyw9CpQ061i4mA==}
    engines: {node: '>=10'}

  cliui@8.0.1:
    resolution: {integrity: sha512-BSeNnyus75C4//NQ9gQt1/csTXyo/8Sb+afLAkzAptFuMsod9HFokGNudZpi/oQV73hnVK+sR+5PVRMd+Dr7YQ==}
    engines: {node: '>=12'}

  color-convert@2.0.1:
    resolution: {integrity: sha512-RRECPsj7iu/xb5oKYcsFHSppFNnsj/52OVTRKb4zP5onXwVF3zVmmToNcOfGC+CRDpfK/U584fMg38ZHCaElKQ==}
    engines: {node: '>=7.0.0'}

  color-name@1.1.4:
    resolution: {integrity: sha512-dOy+3AuW3a2wNbZHIuMZpTcgjGuLU/uBL/ubcZF9OXbDo8ff4O8yVp5Bf0efS8uEoYo5q4Fx7dY9OgQGXgAsQA==}

  concurrently@9.2.1:
    resolution: {integrity: sha512-fsfrO0MxV64Znoy8/l1vVIjjHa29SZyyqPgQBwhiDcaW8wJc2W3XWVOGx4M3oJBnv/zdUZIIp1gDeS98GzP8Ng==}
    engines: {node: '>=18'}
    hasBin: true

  cookie@1.1.1:
    resolution: {integrity: sha512-ei8Aos7ja0weRpFzJnEA9UHJ/7XQmqglbRwnf2ATjcB9Wq874VKH9kfjjirM6UhU2/E5fFYadylyhFldcqSidQ==}
    engines: {node: '>=18'}

  emoji-regex@8.0.0:
    resolution: {integrity: sha512-MSjYzcWNOA0ewAHpz0MxpYFvwg6yjy1NG3xteoqz644VCo/RPgnr1/GGt+ic3iJTzQ8Eu3TdM14SawnVUmGE6A==}

  escalade@3.2.0:
    resolution: {integrity: sha512-WUj2qlxaQtO4g6Pq5c29GTcWGDyd8itL8zTlipgECz3JesAiiOKotd8JU6otB3PACgG6xkJUyVhboMS+bje/jA==}
    engines: {node: '>=6'}

  get-caller-file@2.0.5:
    resolution: {integrity: sha512-DyFP3BM/3YHTQOCUL/w0OZHR0lpKeGrxotcHWcqNEdnltqFwXVfhEBQ94eIo34AfQpo0rGki4cyIiftY06h2Fg==}
    engines: {node: 6.* || 8.* || >= 10.*}

  has-flag@4.0.0:
    resolution: {integrity: sha512-EykJT/Q1KjTWctppgIAgfSO0tKVuZUjhgMr17kqTumMl6Afv3EISleU7qZUzoXDFTAHTDC4NOoG/ZxU3EvlMPQ==}
    engines: {node: '>=8'}

  is-fullwidth-code-point@3.0.0:
    resolution: {integrity: sha512-zymm5+u+sCsSWyD9qNaejV3DFvhCKclKdizYaJUuHA83RLjb7nSuGnddCHGv0hk+KY7BMAlsWeK4Ueg6EV6XQg==}
    engines: {node: '>=8'}

  lucide-react@0.576.0:
    resolution: {integrity: sha512-koNxU14BXrxUfZQ9cUaP0ES1uyPZKYDjk31FQZB6dQ/x+tXk979sVAn9ppZ/pVeJJyOxVM8j1E+8QEuSc02Vug==}
    peerDependencies:
      react: ^16.5.1 || ^17.0.0 || ^18.0.0 || ^19.0.0

  property-expr@2.0.6:
    resolution: {integrity: sha512-SVtmxhRE/CGkn3eZY1T6pC8Nln6Fr/lu1mKSgRud0eC73whjGfoAogbn78LkD8aFL0zz3bAFerKSnOl7NlErBA==}

  react-dom@19.2.4:
    resolution: {integrity: sha512-AXJdLo8kgMbimY95O2aKQqsz2iWi9jMgKJhRBAxECE4IFxfcazB2LmzloIoibJI3C12IlY20+KFaLv+71bUJeQ==}
    peerDependencies:
      react: ^19.2.4

  react-hook-form@7.71.2:
    resolution: {integrity: sha512-1CHvcDYzuRUNOflt4MOq3ZM46AronNJtQ1S7tnX6YN4y72qhgiUItpacZUAQ0TyWYci3yz1X+rXaSxiuEm86PA==}
    engines: {node: '>=18.0.0'}
    peerDependencies:
      react: ^16.8.0 || ^17 || ^18 || ^19

  react-redux@9.2.0:
    resolution: {integrity: sha512-ROY9fvHhwOD9ySfrF0wmvu//bKCQ6AeZZq1nJNtbDC+kk5DuSuNX/n6YWYF/SYy7bSba4D4FSz8DJeKY/S/r+g==}
    peerDependencies:
      '@types/react': ^18.2.25 || ^19
      react: ^18.0 || ^19
      redux: ^5.0.0
    peerDependenciesMeta:
      '@types/react':
        optional: true
      redux:
        optional: true

  react-router-dom@7.13.1:
    resolution: {integrity: sha512-UJnV3Rxc5TgUPJt2KJpo1Jpy0OKQr0AjgbZzBFjaPJcFOb2Y8jA5H3LT8HUJAiRLlWrEXWHbF1Z4SCZaQjWDHw==}
    engines: {node: '>=20.0.0'}
    peerDependencies:
      react: '>=18'
      react-dom: '>=18'

  react-router@7.13.1:
    resolution: {integrity: sha512-td+xP4X2/6BJvZoX6xw++A2DdEi++YypA69bJUV5oVvqf6/9/9nNlD70YO1e9d3MyamJEBQFEzk6mbfDYbqrSA==}
    engines: {node: '>=20.0.0'}
    peerDependencies:
      react: '>=18'
      react-dom: '>=18'
    peerDependenciesMeta:
      react-dom:
        optional: true

  react@19.2.4:
    resolution: {integrity: sha512-9nfp2hYpCwOjAN+8TZFGhtWEwgvWHXqESH8qT89AT/lWklpLON22Lc8pEtnpsZz7VmawabSU0gCjnj8aC0euHQ==}
    engines: {node: '>=0.10.0'}

  require-directory@2.1.1:
    resolution: {integrity: sha512-fGxEI7+wsG9xrvdjsrlmL22OMTTiHRwAMroiEeMgq8gzoLC/PQr7RsRDSTLUg/bZAZtF+TVIkHc6/4RIKrui+Q==}
    engines: {node: '>=0.10.0'}

  rxjs@7.8.2:
    resolution: {integrity: sha512-dhKf903U/PQZY6boNNtAGdWbG85WAbjT/1xYoZIC7FAY0yWapOBQVsVrDl58W86//e1VpMNBtRV4MaXfdMySFA==}

  scheduler@0.27.0:
    resolution: {integrity: sha512-eNv+WrVbKu1f3vbYJT/xtiF5syA5HPIMtf9IgY/nKg0sWqzAUEvqY/xm7OcZc/qafLx/iO9FgOmeSAp4v5ti/Q==}

  set-cookie-parser@2.7.2:
    resolution: {integrity: sha512-oeM1lpU/UvhTxw+g3cIfxXHyJRc/uidd3yK1P242gzHds0udQBYzs3y8j4gCCW+ZJ7ad0yctld8RYO+bdurlvw==}

  shell-quote@1.8.3:
    resolution: {integrity: sha512-ObmnIF4hXNg1BqhnHmgbDETF8dLPCggZWBjkQfhZpbszZnYur5DUljTcCHii5LC3J5E0yeO/1LIMyH+UvHQgyw==}
    engines: {node: '>= 0.4'}

  string-width@4.2.3:
    resolution: {integrity: sha512-wKyQRQpjJ0sIp62ErSZdGsjMJWsap5oRNihHhu6G7JVO/9jIB6UyevL+tXuOqrng8j/cxKTWyWUwvSTriiZz/g==}
    engines: {node: '>=8'}

  strip-ansi@6.0.1:
    resolution: {integrity: sha512-Y38VPSHcqkFrCpFnQ9vuSXmquuv5oXOKpGeT6aGrr3o3Gc9AlVa6JBfUSOCnbxGGZF+/0ooI7KrPuUSztUdU5A==}
    engines: {node: '>=8'}

  supports-color@7.2.0:
    resolution: {integrity: sha512-qpCAvRl9stuOHveKsn7HncJRvv501qIacKzQlO/+Lwxc9+0q2wLyv4Dfvt80/DPn2pqOBsJdDiogXGR9+OvwRw==}
    engines: {node: '>=8'}

  supports-color@8.1.1:
    resolution: {integrity: sha512-MpUEN2OodtUzxvKQl72cUF7RQ5EiHsGvSsVG0ia9c5RbWGL2CI4C7EpPS8UTBIplnlzZiNuV56w+FuNxy3ty2Q==}
    engines: {node: '>=10'}

  tiny-case@1.0.3:
    resolution: {integrity: sha512-Eet/eeMhkO6TX8mnUteS9zgPbUMQa4I6Kkp5ORiBD5476/m+PIRiumP5tmh5ioJpH7k51Kehawy2UDfsnxxY8Q==}

  toposort@2.0.2:
    resolution: {integrity: sha512-0a5EOkAUp8D4moMi2W8ZF8jcga7BgZd91O/yabJCFY8az+XSzeGyTKs0Aoo897iV1Nj6guFq8orWDS96z91oGg==}

  tree-kill@1.2.2:
    resolution: {integrity: sha512-L0Orpi8qGpRG//Nd+H90vFB+3iHnue1zSSGmNOOCh1GLJ7rUKVwV2HvijphGQS2UmhUZewS9VgvxYIdgr+fG1A==}
    hasBin: true

  tslib@2.8.1:
    resolution: {integrity: sha512-oJFu94HQb+KVduSUQL7wnpmqnfmLsOA/nAh6b6EH0wCEoK0/mPeXU6c3wKDV83MkOuHPRHtSXKKU99IBazS/2w==}

  type-fest@2.19.0:
    resolution: {integrity: sha512-RAH822pAdBgcNMAfWnCBU3CFZcfZ/i1eZjwFU/dsLKumyuuP3niueg2UAukXYF0E2AAoc82ZSSf9J0WQBinzHA==}
    engines: {node: '>=12.20'}

  use-sync-external-store@1.6.0:
    resolution: {integrity: sha512-Pp6GSwGP/NrPIrxVFAIkOQeyw8lFenOHijQWkUTrDvrF4ALqylP2C/KCkeS9dpUM3KvYRQhna5vt7IL95+ZQ9w==}
    peerDependencies:
      react: ^16.8.0 || ^17.0.0 || ^18.0.0 || ^19.0.0

  wrap-ansi@7.0.0:
    resolution: {integrity: sha512-YVGIj2kamLSTxw6NsZjoBxfSwsn0ycdesmc4p+Q21c5zPuZ1pl+NfxVdxPtdHvmNVOQ6XSYG4AUtyt/Fi7D16Q==}
    engines: {node: '>=10'}

  y18n@5.0.8:
    resolution: {integrity: sha512-0pfFzegeDWJHJIAmTLRP2DwHjdF5s7jo9tuztdQxAhINCdvS+3nGINqPd00AphqJR/0LhANUS6/+7SCb98YOfA==}
    engines: {node: '>=10'}

  yargs-parser@21.1.1:
    resolution: {integrity: sha512-tVpsJW7DdjecAiFpbIB1e3qxIQsE6NoPc5/eTdrbbIC4h0LVsWhnoa3g+m2HclBIujHzsxZ4VJVA+GUuc2/LBw==}
    engines: {node: '>=12'}

  yargs@17.7.2:
    resolution: {integrity: sha512-7dSzzRQ++CKnNI/krKnYRV7JKKPUXMEh61soaHKg9mrWEhzFWhFnxPxGl+69cD1Ou63C13NUPCnmIcrvqCuM6w==}
    engines: {node: '>=12'}

  yup@1.7.1:
    resolution: {integrity: sha512-GKHFX2nXul2/4Dtfxhozv701jLQHdf6J34YDh2cEkpqoo8le5Mg6/LrdseVLrFarmFygZTlfIhHx/QKfb/QWXw==}

snapshots:

  '@hookform/resolvers@5.2.2(react-hook-form@7.71.2(react@19.2.4))':
    dependencies:
      '@standard-schema/utils': 0.3.0
      react-hook-form: 7.71.2(react@19.2.4)

  '@standard-schema/utils@0.3.0': {}

  '@types/use-sync-external-store@0.0.6': {}

  ansi-regex@5.0.1: {}

  ansi-styles@4.3.0:
    dependencies:
      color-convert: 2.0.1

  chalk@4.1.2:
    dependencies:
      ansi-styles: 4.3.0
      supports-color: 7.2.0

  cliui@8.0.1:
    dependencies:
      string-width: 4.2.3
      strip-ansi: 6.0.1
      wrap-ansi: 7.0.0

  color-convert@2.0.1:
    dependencies:
      color-name: 1.1.4

  color-name@1.1.4: {}

  concurrently@9.2.1:
    dependencies:
      chalk: 4.1.2
      rxjs: 7.8.2
      shell-quote: 1.8.3
      supports-color: 8.1.1
      tree-kill: 1.2.2
      yargs: 17.7.2

  cookie@1.1.1: {}

  emoji-regex@8.0.0: {}

  escalade@3.2.0: {}

  get-caller-file@2.0.5: {}

  has-flag@4.0.0: {}

  is-fullwidth-code-point@3.0.0: {}

  lucide-react@0.576.0(react@19.2.4):
    dependencies:
      react: 19.2.4

  property-expr@2.0.6: {}

  react-dom@19.2.4(react@19.2.4):
    dependencies:
      react: 19.2.4
      scheduler: 0.27.0

  react-hook-form@7.71.2(react@19.2.4):
    dependencies:
      react: 19.2.4

  react-redux@9.2.0(react@19.2.4):
    dependencies:
      '@types/use-sync-external-store': 0.0.6
      react: 19.2.4
      use-sync-external-store: 1.6.0(react@19.2.4)

  react-router-dom@7.13.1(react-dom@19.2.4(react@19.2.4))(react@19.2.4):
    dependencies:
      react: 19.2.4
      react-dom: 19.2.4(react@19.2.4)
      react-router: 7.13.1(react-dom@19.2.4(react@19.2.4))(react@19.2.4)

  react-router@7.13.1(react-dom@19.2.4(react@19.2.4))(react@19.2.4):
    dependencies:
      cookie: 1.1.1
      react: 19.2.4
      set-cookie-parser: 2.7.2
    optionalDependencies:
      react-dom: 19.2.4(react@19.2.4)

  react@19.2.4: {}

  require-directory@2.1.1: {}

  rxjs@7.8.2:
    dependencies:
      tslib: 2.8.1

  scheduler@0.27.0: {}

  set-cookie-parser@2.7.2: {}

  shell-quote@1.8.3: {}

  string-width@4.2.3:
    dependencies:
      emoji-regex: 8.0.0
      is-fullwidth-code-point: 3.0.0
      strip-ansi: 6.0.1

  strip-ansi@6.0.1:
    dependencies:
      ansi-regex: 5.0.1

  supports-color@7.2.0:
    dependencies:
      has-flag: 4.0.0

  supports-color@8.1.1:
    dependencies:
      has-flag: 4.0.0

  tiny-case@1.0.3: {}

  toposort@2.0.2: {}

  tree-kill@1.2.2: {}

  tslib@2.8.1: {}

  type-fest@2.19.0: {}

  use-sync-external-store@1.6.0(react@19.2.4):
    dependencies:
      react: 19.2.4

  wrap-ansi@7.0.0:
    dependencies:
      ansi-styles: 4.3.0
      string-width: 4.2.3
      strip-ansi: 6.0.1

  y18n@5.0.8: {}

  yargs-parser@21.1.1: {}

  yargs@17.7.2:
    dependencies:
      cliui: 8.0.1
      escalade: 3.2.0
      get-caller-file: 2.0.5
      require-directory: 2.1.1
      string-width: 4.2.3
      y18n: 5.0.8
      yargs-parser: 21.1.1

  yup@1.7.1:
    dependencies:
      property-expr: 2.0.6
      tiny-case: 1.0.3
      toposort: 2.0.2
      type-fest: 2.19.0
